
Microsoft Visual Studio Solution File, Format Version 12.00
# Visual Studio Version 17
VisualStudioVersion = 17.6.33723.286
MinimumVisualStudioVersion = 10.0.40219.1
Project("{FAE04EC0-301F-11D3-BF4B-00C04F79EFBC}") = "16SEVEN", "Tests.16SEVEN\16SEVEN.csproj", "{E6D9F2A3-CCB1-43B6-9B37-C99557D72A54}"
EndProject
Project("{FAE04EC0-301F-11D3-BF4B-00C04F79EFBC}") = "16SEVEN.Tests", "Test.16SEVEN.Test\16SEVEN.Tests.csproj", "{3651553E-0375-44B3-9703-BF8E6B2C8537}"
EndProject
Global
	GlobalSection(SolutionConfigurationPlatforms) = preSolution
		Debug|Any CPU = Debug|Any CPU
		Release|Any CPU = Release|Any CPU
	EndGlobalSection
	GlobalSection(ProjectConfigurationPlatforms) = postSolution
		{E6D9F2A3-CCB1-43B6-9B37-C99557D72A54}.Debug|Any CPU.ActiveCfg = Debug|Any CPU
		{E6D9F2A3-CCB1-43B6-9B37-C99557D72A54}.Debug|Any CPU.Build.0 = Debug|Any CPU
		{E6D9F2A3-CCB1-43B6-9B37-C99557D72A54}.Release|Any CPU.ActiveCfg = Release|Any CPU
		{E6D9F2A3-CCB1-43B6-9B37-C99557D72A54}.Release|Any CPU.Build.0 = Release|Any CPU
		{3651553E-0375-44B3-9703-BF8E6B2C8537}.Debug|Any CPU.ActiveCfg = Debug|Any CPU
		{3651553E-0375-44B3-9703-BF8E6B2C8537}.Debug|Any CPU.Build.0 = Debug|Any CPU
		{3651553E-0375-44B3-9703-BF8E6B2C8537}.Release|Any CPU.ActiveCfg = Release|Any CPU
		{3651553E-0375-44B3-9703-BF8E6B2C8537}.Release|Any CPU.Build.0 = Release|Any CPU
	EndGlobalSection
	GlobalSection(SolutionProperties) = preSolution
		HideSolutionNode = FALSE
	EndGlobalSection
	GlobalSection(ExtensibilityGlobals) = postSolution
		SolutionGuid = {2F77F377-FD12-4A90-996B-18668A70A3D5}
	EndGlobalSection
EndGlobal
